// !$*UTF8*$!
{
	archiveVersion = 1;
	classes = {
	};
	objectVersion = 50;
	objects = {

/* Begin PBXBuildFile section */
		94B267081AAA6682547C87FA /* Engine.swift in Sources */ = {isa = PBXBuildFile; fileRef = 94B26A2A79BC7112A5660547 /* Engine.swift */; };
		E21859FA21036D3400653DBD /* Serializer.swift in Sources */ = {isa = PBXBuildFile; fileRef = E21859F921036D3400653DBD /* Serializer.swift */; };
		E25C20E621336ABA00EE861F /* USD-bind.hpp in Headers */ = {isa = PBXBuildFile; fileRef = E25C20E421336ABA00EE861F /* USD-bind.hpp */; };
		E26A787921E17E0400FBA0BB /* Shaderc.swift in Sources */ = {isa = PBXBuildFile; fileRef = E26A787821E17E0400FBA0BB /* Shaderc.swift */; };
		E26A788021E61DF900FBA0BB /* CoreModel.m in Sources */ = {isa = PBXBuildFile; fileRef = E26A787F21E61DF900FBA0BB /* CoreModel.m */; };
		E26A788721E653F800FBA0BB /* ImGui.framework in Frameworks */ = {isa = PBXBuildFile; fileRef = E26A788621E653F800FBA0BB /* ImGui.framework */; };
		E26A788921E77FEC00FBA0BB /* WHLSL in Resources */ = {isa = PBXBuildFile; fileRef = E26A788821E77FEC00FBA0BB /* WHLSL */; };
		E26A788A21E77FEC00FBA0BB /* WHLSL in Resources */ = {isa = PBXBuildFile; fileRef = E26A788821E77FEC00FBA0BB /* WHLSL */; };
		E26A788D21E7815900FBA0BB /* ImGui.framework in Frameworks */ = {isa = PBXBuildFile; fileRef = E26A788B21E7815900FBA0BB /* ImGui.framework */; };
		E26A788E21E7815900FBA0BB /* ObjectiveGit.framework in Frameworks */ = {isa = PBXBuildFile; fileRef = E26A788C21E7815900FBA0BB /* ObjectiveGit.framework */; };
		E26A789421E8C5FF00FBA0BB /* Extensions.swift in Sources */ = {isa = PBXBuildFile; fileRef = E2DD2648213A6C3D00242943 /* Extensions.swift */; };
		E26A789621E8CBCD00FBA0BB /* Model.swift in Sources */ = {isa = PBXBuildFile; fileRef = E281B7A020B94CAE00232181 /* Model.swift */; };
		E26A789721E8CDCA00FBA0BB /* MTLPolygonReduction.swift in Sources */ = {isa = PBXBuildFile; fileRef = E281B79E20B94CAE00232181 /* MTLPolygonReduction.swift */; };
		E26A78B821EB06A100FBA0BB /* DeformCompute.metal in Sources */ = {isa = PBXBuildFile; fileRef = ED2221822021E17C00427606 /* DeformCompute.metal */; };
		E26ABEC121EB769600487FA4 /* Merops-Bridging-Header.h in Headers */ = {isa = PBXBuildFile; fileRef = E26ABEBF21EB769600487FA4 /* Merops-Bridging-Header.h */; };
		E281B78A20B933B600232181 /* Cmd+USD.swift in Sources */ = {isa = PBXBuildFile; fileRef = E281B78720B933B600232181 /* Cmd+USD.swift */; };
		E281B78B20B933B600232181 /* Cmd+Git.swift in Sources */ = {isa = PBXBuildFile; fileRef = E281B78820B933B600232181 /* Cmd+Git.swift */; };
		E281B78C20B933B600232181 /* Cmd+REST.swift in Sources */ = {isa = PBXBuildFile; fileRef = E281B78920B933B600232181 /* Cmd+REST.swift */; };
		E281B78F20B933D000232181 /* GameViewSettings.swift in Sources */ = {isa = PBXBuildFile; fileRef = E281B78D20B933D000232181 /* GameViewSettings.swift */; };
		E281B79020B933D000232181 /* GameViewDialogs.swift in Sources */ = {isa = PBXBuildFile; fileRef = E281B78E20B933D000232181 /* GameViewDialogs.swift */; };
		E281B79420B933E200232181 /* GeoBuilder.swift in Sources */ = {isa = PBXBuildFile; fileRef = E281B79120B933E200232181 /* GeoBuilder.swift */; };
		E281B79520B933E200232181 /* GeoPrimitives.swift in Sources */ = {isa = PBXBuildFile; fileRef = E281B79220B933E200232181 /* GeoPrimitives.swift */; };
		E281B79620B933E200232181 /* GeoRepricator.swift in Sources */ = {isa = PBXBuildFile; fileRef = E281B79320B933E200232181 /* GeoRepricator.swift */; };
		E281B7A120B94CAE00232181 /* MTLSkinningMesh.swift in Sources */ = {isa = PBXBuildFile; fileRef = E281B79720B94CAD00232181 /* MTLSkinningMesh.swift */; };
		E281B7A620B94CAE00232181 /* Skinning.metal in Sources */ = {isa = PBXBuildFile; fileRef = E281B79C20B94CAE00232181 /* Skinning.metal */; };
		E281B7A820B94CAE00232181 /* MTLPolygonReduction.swift in Sources */ = {isa = PBXBuildFile; fileRef = E281B79E20B94CAE00232181 /* MTLPolygonReduction.swift */; };
		E281B7A920B94CAE00232181 /* MTLMeshDeformable.swift in Sources */ = {isa = PBXBuildFile; fileRef = E281B79F20B94CAE00232181 /* MTLMeshDeformable.swift */; };
		E281B7AA20B94CAE00232181 /* Model.swift in Sources */ = {isa = PBXBuildFile; fileRef = E281B7A020B94CAE00232181 /* Model.swift */; };
		E281B7AC20B94CBB00232181 /* Shaders.metal in Sources */ = {isa = PBXBuildFile; fileRef = E281B7AB20B94CBB00232181 /* Shaders.metal */; };
		E281B7B020B94CCB00232181 /* Common.metal in Sources */ = {isa = PBXBuildFile; fileRef = E281B7AD20B94CCA00232181 /* Common.metal */; };
		E281B7B120B94CCB00232181 /* Lambert.metal in Sources */ = {isa = PBXBuildFile; fileRef = E281B7AE20B94CCA00232181 /* Lambert.metal */; };
		E281B7B220B94CCB00232181 /* Tessellation.metal in Sources */ = {isa = PBXBuildFile; fileRef = E281B7AF20B94CCA00232181 /* Tessellation.metal */; };
		E2AD5D9D212817AC0080F3F2 /* ModelIO.framework in Frameworks */ = {isa = PBXBuildFile; fileRef = E2AD5D9C212817AC0080F3F2 /* ModelIO.framework */; };
		E2B76B2221FB566F00E6EA59 /* index.html in Resources */ = {isa = PBXBuildFile; fileRef = E2B76B2121FB566F00E6EA59 /* index.html */; };
		E2B76B2321FB566F00E6EA59 /* index.html in Resources */ = {isa = PBXBuildFile; fileRef = E2B76B2121FB566F00E6EA59 /* index.html */; };
		E2B76B2521FB57A000E6EA59 /* package.json in Resources */ = {isa = PBXBuildFile; fileRef = E2B76B2421FB579F00E6EA59 /* package.json */; };
		E2B76B2621FB57A000E6EA59 /* package.json in Resources */ = {isa = PBXBuildFile; fileRef = E2B76B2421FB579F00E6EA59 /* package.json */; };
		E2CDF1CC21344812004D8E39 /* lib in Frameworks */ = {isa = PBXBuildFile; fileRef = E2101237211EBE08001664AD /* lib */; };
		E2CDF1D121357B6B004D8E39 /* Python in Resources */ = {isa = PBXBuildFile; fileRef = E2CDF1D021357B6B004D8E39 /* Python */; };
		E2DD2649213A6C3D00242943 /* Extensions.swift in Sources */ = {isa = PBXBuildFile; fileRef = E2DD2648213A6C3D00242943 /* Extensions.swift */; };
		E2E46116210D5D6F00C0DB39 /* Main.storyboard in Resources */ = {isa = PBXBuildFile; fileRef = E2E46114210D5D6F00C0DB39 /* Main.storyboard */; };
		E2E4611B210D5D7100C0DB39 /* LaunchScreen.storyboard in Resources */ = {isa = PBXBuildFile; fileRef = E2E46119210D5D7100C0DB39 /* LaunchScreen.storyboard */; };
		E2E46121210D5DE000C0DB39 /* AppDelegate.swift in Sources */ = {isa = PBXBuildFile; fileRef = ED32B95D1EB5D298000D8823 /* AppDelegate.swift */; };
		E2E46122210D5E3D00C0DB39 /* GameViewController.swift in Sources */ = {isa = PBXBuildFile; fileRef = ED32B9611EB5D298000D8823 /* GameViewController.swift */; };
		E2E46123210D5E4100C0DB39 /* GameView.swift in Sources */ = {isa = PBXBuildFile; fileRef = ED32B95F1EB5D298000D8823 /* GameView.swift */; };
		E2E46124210D5E4400C0DB39 /* GameViewOverlay.swift in Sources */ = {isa = PBXBuildFile; fileRef = ED32B99C1EBA0BAD000D8823 /* GameViewOverlay.swift */; };
		E2E46125210D5E4A00C0DB39 /* GameViewSettings.swift in Sources */ = {isa = PBXBuildFile; fileRef = E281B78D20B933D000232181 /* GameViewSettings.swift */; };
		E2E46126210D5E5500C0DB39 /* GeoBuilder.swift in Sources */ = {isa = PBXBuildFile; fileRef = E281B79120B933E200232181 /* GeoBuilder.swift */; };
		E2E46127210D5E5900C0DB39 /* GeoPrimitives.swift in Sources */ = {isa = PBXBuildFile; fileRef = E281B79220B933E200232181 /* GeoPrimitives.swift */; };
		E2E46128210D5E5D00C0DB39 /* GeoRepricator.swift in Sources */ = {isa = PBXBuildFile; fileRef = E281B79320B933E200232181 /* GeoRepricator.swift */; };
		E2E4612C210D5E7A00C0DB39 /* Shaders.metal in Sources */ = {isa = PBXBuildFile; fileRef = E281B7AB20B94CBB00232181 /* Shaders.metal */; };
		E2E4612D210D5E8000C0DB39 /* Engine.swift in Sources */ = {isa = PBXBuildFile; fileRef = 94B26A2A79BC7112A5660547 /* Engine.swift */; };
		E2E4612E210D619300C0DB39 /* MTLMeshDeformable.swift in Sources */ = {isa = PBXBuildFile; fileRef = E281B79F20B94CAE00232181 /* MTLMeshDeformable.swift */; };
		E2E46153210D80DA00C0DB39 /* Serializer.swift in Sources */ = {isa = PBXBuildFile; fileRef = E21859F921036D3400653DBD /* Serializer.swift */; };
		E2E46154210DB4BC00C0DB39 /* art.scnassets in Resources */ = {isa = PBXBuildFile; fileRef = ED32B9631EB5D298000D8823 /* art.scnassets */; };
		E2FBFD2F21EDFA0C00BDB646 /* Merops-Bridging-Header.h in Headers */ = {isa = PBXBuildFile; fileRef = E26ABEBF21EB769600487FA4 /* Merops-Bridging-Header.h */; };
		E2FBFD3221EE035F00BDB646 /* Shaderc.swift in Sources */ = {isa = PBXBuildFile; fileRef = E26A787821E17E0400FBA0BB /* Shaderc.swift */; };
		E2FBFD4621EE241B00BDB646 /* DocumentView.swift in Sources */ = {isa = PBXBuildFile; fileRef = E2FBFD4521EE241B00BDB646 /* DocumentView.swift */; };
		E2FDEBAF21ECBEDC0024CDC1 /* Viewport.metal in Sources */ = {isa = PBXBuildFile; fileRef = E2FDEBAE21ECBEDC0024CDC1 /* Viewport.metal */; };
		E2FDEBB021ECCB110024CDC1 /* Python.framework in Frameworks */ = {isa = PBXBuildFile; fileRef = E2E46157210DE97800C0DB39 /* Python.framework */; };
		E2FDEBB221ECCE690024CDC1 /* ModelIO.framework in Frameworks */ = {isa = PBXBuildFile; fileRef = E2FDEBB121ECCE690024CDC1 /* ModelIO.framework */; };
		ED2221842021E17C00427606 /* DeformCompute.metal in Sources */ = {isa = PBXBuildFile; fileRef = ED2221822021E17C00427606 /* DeformCompute.metal */; };
		ED32B95E1EB5D298000D8823 /* AppDelegate.swift in Sources */ = {isa = PBXBuildFile; fileRef = ED32B95D1EB5D298000D8823 /* AppDelegate.swift */; };
		ED32B9601EB5D298000D8823 /* GameView.swift in Sources */ = {isa = PBXBuildFile; fileRef = ED32B95F1EB5D298000D8823 /* GameView.swift */; };
		ED32B9621EB5D298000D8823 /* GameViewController.swift in Sources */ = {isa = PBXBuildFile; fileRef = ED32B9611EB5D298000D8823 /* GameViewController.swift */; };
		ED32B9641EB5D298000D8823 /* art.scnassets in Resources */ = {isa = PBXBuildFile; fileRef = ED32B9631EB5D298000D8823 /* art.scnassets */; };
		ED32B9691EB5D298000D8823 /* MainMenu.xib in Resources */ = {isa = PBXBuildFile; fileRef = ED32B9671EB5D298000D8823 /* MainMenu.xib */; };
		ED32B99D1EBA0BAD000D8823 /* GameViewOverlay.swift in Sources */ = {isa = PBXBuildFile; fileRef = ED32B99C1EBA0BAD000D8823 /* GameViewOverlay.swift */; };
		EDA91BC81FF2886600E14B8D /* ShaderTypes.h in Headers */ = {isa = PBXBuildFile; fileRef = EDA91BBE1FF2886600E14B8D /* ShaderTypes.h */; };
		EDF08DC81FF3D2770036F476 /* ObjectiveGit.framework in Frameworks */ = {isa = PBXBuildFile; fileRef = EDF08DC71FF3D2770036F476 /* ObjectiveGit.framework */; };
/* End PBXBuildFile section */

/* Begin PBXCopyFilesBuildPhase section */
		E2FBFD3821EE119E00BDB646 /* CopyFiles */ = {
			isa = PBXCopyFilesBuildPhase;
			buildActionMask = 2147483647;
			dstPath = /usr/share/man/man1/;
			dstSubfolderSpec = 0;
			files = (
			);
			runOnlyForDeploymentPostprocessing = 1;
		};
/* End PBXCopyFilesBuildPhase section */

/* Begin PBXFileReference section */
		94B26A2A79BC7112A5660547 /* Engine.swift */ = {isa = PBXFileReference; fileEncoding = 4; lastKnownFileType = sourcecode.swift; path = Engine.swift; sourceTree = "<group>"; };
		E20E1AA3212B0D4200EE5B91 /* Highlightr.framework */ = {isa = PBXFileReference; lastKnownFileType = wrapper.framework; name = Highlightr.framework; path = Carthage/Build/Mac/Highlightr.framework; sourceTree = "<group>"; };
		E2101237211EBE08001664AD /* lib */ = {isa = PBXFileReference; lastKnownFileType = folder; name = lib; path = USD/lib; sourceTree = "<group>"; };
		E216B24421299C4D004D0CE8 /* interpolate.swift */ = {isa = PBXFileReference; lastKnownFileType = sourcecode.swift; path = interpolate.swift; sourceTree = "<group>"; };
		E21859F921036D3400653DBD /* Serializer.swift */ = {isa = PBXFileReference; fileEncoding = 4; lastKnownFileType = sourcecode.swift; name = Serializer.swift; path = ../engine/Serializer.swift; sourceTree = "<group>"; };
		E24FC7DD21337549006860D9 /* libboost_program_options.dylib */ = {isa = PBXFileReference; lastKnownFileType = "compiled.mach-o.dylib"; name = libboost_program_options.dylib; path = USD/lib/libboost_program_options.dylib; sourceTree = "<group>"; };
		E24FC7DE21337549006860D9 /* libusdGeom.dylib */ = {isa = PBXFileReference; lastKnownFileType = "compiled.mach-o.dylib"; name = libusdGeom.dylib; path = USD/lib/libusdGeom.dylib; sourceTree = "<group>"; };
		E24FC7DF21337549006860D9 /* libIlmThread-2_2.dylib */ = {isa = PBXFileReference; lastKnownFileType = "compiled.mach-o.dylib"; name = "libIlmThread-2_2.dylib"; path = "USD/lib/libIlmThread-2_2.dylib"; sourceTree = "<group>"; };
		E24FC7E021337549006860D9 /* libIlmImfUtil-2_2.22.0.0.dylib */ = {isa = PBXFileReference; lastKnownFileType = "compiled.mach-o.dylib"; name = "libIlmImfUtil-2_2.22.0.0.dylib"; path = "USD/lib/libIlmImfUtil-2_2.22.0.0.dylib"; sourceTree = "<group>"; };
		E24FC7E121337549006860D9 /* libIlmImf-2_2.22.dylib */ = {isa = PBXFileReference; lastKnownFileType = "compiled.mach-o.dylib"; name = "libIlmImf-2_2.22.dylib"; path = "USD/lib/libIlmImf-2_2.22.dylib"; sourceTree = "<group>"; };
		E24FC7E221337549006860D9 /* libIlmThread-2_2.12.0.0.dylib */ = {isa = PBXFileReference; lastKnownFileType = "compiled.mach-o.dylib"; name = "libIlmThread-2_2.12.0.0.dylib"; path = "USD/lib/libIlmThread-2_2.12.0.0.dylib"; sourceTree = "<group>"; };
		E25C20E321336ABA00EE861F /* USD-bind.cpp */ = {isa = PBXFileReference; explicitFileType = sourcecode.cpp.objcpp; path = "USD-bind.cpp"; sourceTree = "<group>"; };
		E25C20E421336ABA00EE861F /* USD-bind.hpp */ = {isa = PBXFileReference; lastKnownFileType = sourcecode.cpp.h; path = "USD-bind.hpp"; sourceTree = "<group>"; };
		E25C20E82133750400EE861F /* libHalf.dylib */ = {isa = PBXFileReference; lastKnownFileType = "compiled.mach-o.dylib"; name = libHalf.dylib; path = USD/lib/libHalf.dylib; sourceTree = "<group>"; };
		E25C20E92133750400EE861F /* libIlmImf-2_2.22.0.0.dylib */ = {isa = PBXFileReference; lastKnownFileType = "compiled.mach-o.dylib"; name = "libIlmImf-2_2.22.0.0.dylib"; path = "USD/lib/libIlmImf-2_2.22.0.0.dylib"; sourceTree = "<group>"; };
		E25C20EA2133750400EE861F /* libarch.dylib */ = {isa = PBXFileReference; lastKnownFileType = "compiled.mach-o.dylib"; name = libarch.dylib; path = USD/lib/libarch.dylib; sourceTree = "<group>"; };
		E25C20EB2133750400EE861F /* libusd.dylib */ = {isa = PBXFileReference; lastKnownFileType = "compiled.mach-o.dylib"; name = libusd.dylib; path = USD/lib/libusd.dylib; sourceTree = "<group>"; };
		E25C20EC2133750400EE861F /* libIex-2_2.12.dylib */ = {isa = PBXFileReference; lastKnownFileType = "compiled.mach-o.dylib"; name = "libIex-2_2.12.dylib"; path = "USD/lib/libIex-2_2.12.dylib"; sourceTree = "<group>"; };
		E25C20ED2133750400EE861F /* libboost_python.dylib */ = {isa = PBXFileReference; lastKnownFileType = "compiled.mach-o.dylib"; name = libboost_python.dylib; path = USD/lib/libboost_python.dylib; sourceTree = "<group>"; };
		E25C20EE2133750500EE861F /* libIexMath-2_2.12.0.0.dylib */ = {isa = PBXFileReference; lastKnownFileType = "compiled.mach-o.dylib"; name = "libIexMath-2_2.12.0.0.dylib"; path = "USD/lib/libIexMath-2_2.12.0.0.dylib"; sourceTree = "<group>"; };
		E25C20EF2133750500EE861F /* libMaterialXCore.a */ = {isa = PBXFileReference; lastKnownFileType = archive.ar; name = libMaterialXCore.a; path = USD/lib/libMaterialXCore.a; sourceTree = "<group>"; };
		E25C20F02133750500EE861F /* libusdLux.dylib */ = {isa = PBXFileReference; lastKnownFileType = "compiled.mach-o.dylib"; name = libusdLux.dylib; path = USD/lib/libusdLux.dylib; sourceTree = "<group>"; };
		E26A787821E17E0400FBA0BB /* Shaderc.swift */ = {isa = PBXFileReference; lastKnownFileType = sourcecode.swift; path = Shaderc.swift; sourceTree = "<group>"; };
		E26A787F21E61DF900FBA0BB /* CoreModel.m */ = {isa = PBXFileReference; lastKnownFileType = sourcecode.c.objc; path = CoreModel.m; sourceTree = "<group>"; };
		E26A788121E61E1100FBA0BB /* CoreModel.h */ = {isa = PBXFileReference; lastKnownFileType = sourcecode.c.h; path = CoreModel.h; sourceTree = "<group>"; };
		E26A788621E653F800FBA0BB /* ImGui.framework */ = {isa = PBXFileReference; lastKnownFileType = wrapper.framework; name = ImGui.framework; path = Carthage/Build/Mac/ImGui.framework; sourceTree = "<group>"; };
		E26A788821E77FEC00FBA0BB /* WHLSL */ = {isa = PBXFileReference; lastKnownFileType = folder; name = WHLSL; path = Merops/extra/WHLSL; sourceTree = SOURCE_ROOT; };
		E26A788B21E7815900FBA0BB /* ImGui.framework */ = {isa = PBXFileReference; lastKnownFileType = wrapper.framework; name = ImGui.framework; path = Carthage/Build/iOS/ImGui.framework; sourceTree = "<group>"; };
		E26A788C21E7815900FBA0BB /* ObjectiveGit.framework */ = {isa = PBXFileReference; lastKnownFileType = wrapper.framework; name = ObjectiveGit.framework; path = Carthage/Build/iOS/ObjectiveGit.framework; sourceTree = "<group>"; };
		E26A789021E7818E00FBA0BB /* Highlightr.framework */ = {isa = PBXFileReference; lastKnownFileType = wrapper.framework; name = Highlightr.framework; path = Carthage/Build/iOS/Highlightr.framework; sourceTree = "<group>"; };
		E26ABEBF21EB769600487FA4 /* Merops-Bridging-Header.h */ = {isa = PBXFileReference; fileEncoding = 4; lastKnownFileType = sourcecode.c.h; path = "Merops-Bridging-Header.h"; sourceTree = SOURCE_ROOT; };
		E26ABEC021EB769600487FA4 /* Cartfile */ = {isa = PBXFileReference; fileEncoding = 4; lastKnownFileType = text; path = Cartfile; sourceTree = SOURCE_ROOT; };
		E281B78720B933B600232181 /* Cmd+USD.swift */ = {isa = PBXFileReference; fileEncoding = 4; lastKnownFileType = sourcecode.swift; path = "Cmd+USD.swift"; sourceTree = "<group>"; };
		E281B78820B933B600232181 /* Cmd+Git.swift */ = {isa = PBXFileReference; fileEncoding = 4; lastKnownFileType = sourcecode.swift; path = "Cmd+Git.swift"; sourceTree = "<group>"; };
		E281B78920B933B600232181 /* Cmd+REST.swift */ = {isa = PBXFileReference; fileEncoding = 4; lastKnownFileType = sourcecode.swift; path = "Cmd+REST.swift"; sourceTree = "<group>"; };
		E281B78D20B933D000232181 /* GameViewSettings.swift */ = {isa = PBXFileReference; fileEncoding = 4; lastKnownFileType = sourcecode.swift; path = GameViewSettings.swift; sourceTree = "<group>"; };
		E281B78E20B933D000232181 /* GameViewDialogs.swift */ = {isa = PBXFileReference; fileEncoding = 4; lastKnownFileType = sourcecode.swift; path = GameViewDialogs.swift; sourceTree = "<group>"; };
		E281B79120B933E200232181 /* GeoBuilder.swift */ = {isa = PBXFileReference; fileEncoding = 4; lastKnownFileType = sourcecode.swift; path = GeoBuilder.swift; sourceTree = "<group>"; };
		E281B79220B933E200232181 /* GeoPrimitives.swift */ = {isa = PBXFileReference; fileEncoding = 4; lastKnownFileType = sourcecode.swift; path = GeoPrimitives.swift; sourceTree = "<group>"; };
		E281B79320B933E200232181 /* GeoRepricator.swift */ = {isa = PBXFileReference; fileEncoding = 4; lastKnownFileType = sourcecode.swift; path = GeoRepricator.swift; sourceTree = "<group>"; };
		E281B79720B94CAD00232181 /* MTLSkinningMesh.swift */ = {isa = PBXFileReference; fileEncoding = 4; lastKnownFileType = sourcecode.swift; path = MTLSkinningMesh.swift; sourceTree = "<group>"; };
		E281B79B20B94CAE00232181 /* MTLTessellator.swift */ = {isa = PBXFileReference; fileEncoding = 4; lastKnownFileType = sourcecode.swift; path = MTLTessellator.swift; sourceTree = "<group>"; };
		E281B79C20B94CAE00232181 /* Skinning.metal */ = {isa = PBXFileReference; fileEncoding = 4; lastKnownFileType = sourcecode.metal; path = Skinning.metal; sourceTree = "<group>"; };
		E281B79E20B94CAE00232181 /* MTLPolygonReduction.swift */ = {isa = PBXFileReference; fileEncoding = 4; lastKnownFileType = sourcecode.swift; path = MTLPolygonReduction.swift; sourceTree = "<group>"; };
		E281B79F20B94CAE00232181 /* MTLMeshDeformable.swift */ = {isa = PBXFileReference; fileEncoding = 4; lastKnownFileType = sourcecode.swift; path = MTLMeshDeformable.swift; sourceTree = "<group>"; };
		E281B7A020B94CAE00232181 /* Model.swift */ = {isa = PBXFileReference; fileEncoding = 4; lastKnownFileType = sourcecode.swift; path = Model.swift; sourceTree = "<group>"; };
		E281B7AB20B94CBB00232181 /* Shaders.metal */ = {isa = PBXFileReference; fileEncoding = 4; lastKnownFileType = sourcecode.metal; path = Shaders.metal; sourceTree = "<group>"; };
		E281B7AD20B94CCA00232181 /* Common.metal */ = {isa = PBXFileReference; fileEncoding = 4; lastKnownFileType = sourcecode.metal; path = Common.metal; sourceTree = "<group>"; };
		E281B7AE20B94CCA00232181 /* Lambert.metal */ = {isa = PBXFileReference; fileEncoding = 4; lastKnownFileType = sourcecode.metal; path = Lambert.metal; sourceTree = "<group>"; };
		E281B7AF20B94CCA00232181 /* Tessellation.metal */ = {isa = PBXFileReference; fileEncoding = 4; lastKnownFileType = sourcecode.metal; path = Tessellation.metal; sourceTree = "<group>"; };
		E294EFDA2133757D00E582CB /* libAlembic.dylib */ = {isa = PBXFileReference; lastKnownFileType = "compiled.mach-o.dylib"; name = libAlembic.dylib; path = USD/lib/libAlembic.dylib; sourceTree = "<group>"; };
		E294EFDB2133757D00E582CB /* libvt.dylib */ = {isa = PBXFileReference; lastKnownFileType = "compiled.mach-o.dylib"; name = libvt.dylib; path = USD/lib/libvt.dylib; sourceTree = "<group>"; };
		E294EFDC2133757D00E582CB /* libndr.dylib */ = {isa = PBXFileReference; lastKnownFileType = "compiled.mach-o.dylib"; name = libndr.dylib; path = USD/lib/libndr.dylib; sourceTree = "<group>"; };
		E294EFDD2133757E00E582CB /* libMaterialXFormat.a */ = {isa = PBXFileReference; lastKnownFileType = archive.ar; name = libMaterialXFormat.a; path = USD/lib/libMaterialXFormat.a; sourceTree = "<group>"; };
		E294EFDE2133757E00E582CB /* libkind.dylib */ = {isa = PBXFileReference; lastKnownFileType = "compiled.mach-o.dylib"; name = libkind.dylib; path = USD/lib/libkind.dylib; sourceTree = "<group>"; };
		E294EFDF2133757E00E582CB /* libusdShade.dylib */ = {isa = PBXFileReference; lastKnownFileType = "compiled.mach-o.dylib"; name = libusdShade.dylib; path = USD/lib/libusdShade.dylib; sourceTree = "<group>"; };
		E294EFE02133757E00E582CB /* libIex-2_2.12.0.0.dylib */ = {isa = PBXFileReference; lastKnownFileType = "compiled.mach-o.dylib"; name = "libIex-2_2.12.0.0.dylib"; path = "USD/lib/libIex-2_2.12.0.0.dylib"; sourceTree = "<group>"; };
		E294EFE12133757E00E582CB /* libsdf.dylib */ = {isa = PBXFileReference; lastKnownFileType = "compiled.mach-o.dylib"; name = libsdf.dylib; path = USD/lib/libsdf.dylib; sourceTree = "<group>"; };
		E294EFE22133757E00E582CB /* libboost_date_time.dylib */ = {isa = PBXFileReference; lastKnownFileType = "compiled.mach-o.dylib"; name = libboost_date_time.dylib; path = USD/lib/libboost_date_time.dylib; sourceTree = "<group>"; };
		E294EFE32133757E00E582CB /* libsdr.dylib */ = {isa = PBXFileReference; lastKnownFileType = "compiled.mach-o.dylib"; name = libsdr.dylib; path = USD/lib/libsdr.dylib; sourceTree = "<group>"; };
		E294EFE42133757E00E582CB /* libusdSkel.dylib */ = {isa = PBXFileReference; lastKnownFileType = "compiled.mach-o.dylib"; name = libusdSkel.dylib; path = USD/lib/libusdSkel.dylib; sourceTree = "<group>"; };
		E2AD5D9C212817AC0080F3F2 /* ModelIO.framework */ = {isa = PBXFileReference; lastKnownFileType = wrapper.framework; name = ModelIO.framework; path = System/Library/Frameworks/ModelIO.framework; sourceTree = SDKROOT; };
		E2B5E4CD2136C90100C422CE /* pyobjc-framework-Merops */ = {isa = PBXFileReference; lastKnownFileType = folder; path = "pyobjc-framework-Merops"; sourceTree = "<group>"; };
		E2B76B2121FB566F00E6EA59 /* index.html */ = {isa = PBXFileReference; fileEncoding = 4; lastKnownFileType = text.html; path = index.html; sourceTree = "<group>"; };
		E2B76B2421FB579F00E6EA59 /* package.json */ = {isa = PBXFileReference; fileEncoding = 4; lastKnownFileType = text.json; path = package.json; sourceTree = "<group>"; };
		E2CDF1D021357B6B004D8E39 /* Python */ = {isa = PBXFileReference; lastKnownFileType = folder; name = Python; path = Merops/extra/Python; sourceTree = SOURCE_ROOT; };
		E2DD2648213A6C3D00242943 /* Extensions.swift */ = {isa = PBXFileReference; lastKnownFileType = sourcecode.swift; path = Extensions.swift; sourceTree = "<group>"; };
		E2E4610C210D5D6F00C0DB39 /* Merops-touch.app */ = {isa = PBXFileReference; explicitFileType = wrapper.application; includeInIndex = 0; path = "Merops-touch.app"; sourceTree = BUILT_PRODUCTS_DIR; };
		E2E46115210D5D6F00C0DB39 /* Base */ = {isa = PBXFileReference; lastKnownFileType = file.storyboard; name = Base; path = Base.lproj/Main.storyboard; sourceTree = "<group>"; };
		E2E4611A210D5D7100C0DB39 /* Base */ = {isa = PBXFileReference; lastKnownFileType = file.storyboard; name = Base; path = Base.lproj/LaunchScreen.storyboard; sourceTree = "<group>"; };
		E2E4611C210D5D7100C0DB39 /* Info.plist */ = {isa = PBXFileReference; lastKnownFileType = text.plist.xml; path = Info.plist; sourceTree = "<group>"; };
		E2E46157210DE97800C0DB39 /* Python.framework */ = {isa = PBXFileReference; lastKnownFileType = wrapper.framework; name = Python.framework; path = System/Library/Frameworks/Python.framework; sourceTree = SDKROOT; };
		E2E5DB52216E53C80028AA4E /* MDOC */ = {isa = PBXFileReference; lastKnownFileType = folder; path = MDOC; sourceTree = "<group>"; };
		E2F5171521337603005F1515 /* libboost_regex.dylib */ = {isa = PBXFileReference; lastKnownFileType = "compiled.mach-o.dylib"; name = libboost_regex.dylib; path = USD/lib/libboost_regex.dylib; sourceTree = "<group>"; };
		E2F5171621337603005F1515 /* libImath-2_2.12.0.0.dylib */ = {isa = PBXFileReference; lastKnownFileType = "compiled.mach-o.dylib"; name = "libImath-2_2.12.0.0.dylib"; path = "USD/lib/libImath-2_2.12.0.0.dylib"; sourceTree = "<group>"; };
		E2F5171721337603005F1515 /* libusdUtils.dylib */ = {isa = PBXFileReference; lastKnownFileType = "compiled.mach-o.dylib"; name = libusdUtils.dylib; path = USD/lib/libusdUtils.dylib; sourceTree = "<group>"; };
		E2F5171821337603005F1515 /* libgf.dylib */ = {isa = PBXFileReference; lastKnownFileType = "compiled.mach-o.dylib"; name = libgf.dylib; path = USD/lib/libgf.dylib; sourceTree = "<group>"; };
		E2F5171921337603005F1515 /* libIexMath-2_2.la */ = {isa = PBXFileReference; lastKnownFileType = text; name = "libIexMath-2_2.la"; path = "USD/lib/libIexMath-2_2.la"; sourceTree = "<group>"; };
		E2F5171A21337603005F1515 /* libjs.dylib */ = {isa = PBXFileReference; lastKnownFileType = "compiled.mach-o.dylib"; name = libjs.dylib; path = USD/lib/libjs.dylib; sourceTree = "<group>"; };
		E2F5171B21337603005F1515 /* libtrace.dylib */ = {isa = PBXFileReference; lastKnownFileType = "compiled.mach-o.dylib"; name = libtrace.dylib; path = USD/lib/libtrace.dylib; sourceTree = "<group>"; };
		E2F5171C21337603005F1515 /* libz.1.2.11.dylib */ = {isa = PBXFileReference; lastKnownFileType = "compiled.mach-o.dylib"; name = libz.1.2.11.dylib; path = USD/lib/libz.1.2.11.dylib; sourceTree = "<group>"; };
		E2F5171D21337603005F1515 /* libtbbmalloc_proxy.dylib */ = {isa = PBXFileReference; lastKnownFileType = "compiled.mach-o.dylib"; name = libtbbmalloc_proxy.dylib; path = USD/lib/libtbbmalloc_proxy.dylib; sourceTree = "<group>"; };
		E2F5171E21337603005F1515 /* libusdRi.dylib */ = {isa = PBXFileReference; lastKnownFileType = "compiled.mach-o.dylib"; name = libusdRi.dylib; path = USD/lib/libusdRi.dylib; sourceTree = "<group>"; };
		E2F5171F21337603005F1515 /* libwork.dylib */ = {isa = PBXFileReference; lastKnownFileType = "compiled.mach-o.dylib"; name = libwork.dylib; path = USD/lib/libwork.dylib; sourceTree = "<group>"; };
		E2F5172021337603005F1515 /* libz.a */ = {isa = PBXFileReference; lastKnownFileType = archive.ar; name = libz.a; path = USD/lib/libz.a; sourceTree = "<group>"; };
		E2F5172121337603005F1515 /* libImath-2_2.la */ = {isa = PBXFileReference; lastKnownFileType = text; name = "libImath-2_2.la"; path = "USD/lib/libImath-2_2.la"; sourceTree = "<group>"; };
		E2F5172221337603005F1515 /* libplug.dylib */ = {isa = PBXFileReference; lastKnownFileType = "compiled.mach-o.dylib"; name = libplug.dylib; path = USD/lib/libplug.dylib; sourceTree = "<group>"; };
		E2F5172321337603005F1515 /* libboost_atomic.dylib */ = {isa = PBXFileReference; lastKnownFileType = "compiled.mach-o.dylib"; name = libboost_atomic.dylib; path = USD/lib/libboost_atomic.dylib; sourceTree = "<group>"; };
		E2F5172421337603005F1515 /* libusdHydra.dylib */ = {isa = PBXFileReference; lastKnownFileType = "compiled.mach-o.dylib"; name = libusdHydra.dylib; path = USD/lib/libusdHydra.dylib; sourceTree = "<group>"; };
		E2F5172521337603005F1515 /* libtbb.dylib */ = {isa = PBXFileReference; lastKnownFileType = "compiled.mach-o.dylib"; name = libtbb.dylib; path = USD/lib/libtbb.dylib; sourceTree = "<group>"; };
		E2F5172621337604005F1515 /* libusdUI.dylib */ = {isa = PBXFileReference; lastKnownFileType = "compiled.mach-o.dylib"; name = libusdUI.dylib; path = USD/lib/libusdUI.dylib; sourceTree = "<group>"; };
		E2F5172721337604005F1515 /* libHalf.12.0.0.dylib */ = {isa = PBXFileReference; lastKnownFileType = "compiled.mach-o.dylib"; name = libHalf.12.0.0.dylib; path = USD/lib/libHalf.12.0.0.dylib; sourceTree = "<group>"; };
		E2F5172821337604005F1515 /* libtbbmalloc.dylib */ = {isa = PBXFileReference; lastKnownFileType = "compiled.mach-o.dylib"; name = libtbbmalloc.dylib; path = USD/lib/libtbbmalloc.dylib; sourceTree = "<group>"; };
		E2F5172921337604005F1515 /* libtf.dylib */ = {isa = PBXFileReference; lastKnownFileType = "compiled.mach-o.dylib"; name = libtf.dylib; path = USD/lib/libtf.dylib; sourceTree = "<group>"; };
		E2F5172A21337604005F1515 /* libar.dylib */ = {isa = PBXFileReference; lastKnownFileType = "compiled.mach-o.dylib"; name = libar.dylib; path = USD/lib/libar.dylib; sourceTree = "<group>"; };
		E2F5172B21337604005F1515 /* libpcp.dylib */ = {isa = PBXFileReference; lastKnownFileType = "compiled.mach-o.dylib"; name = libpcp.dylib; path = USD/lib/libpcp.dylib; sourceTree = "<group>"; };
		E2F5172C21337604005F1515 /* libboost_thread.dylib */ = {isa = PBXFileReference; lastKnownFileType = "compiled.mach-o.dylib"; name = libboost_thread.dylib; path = USD/lib/libboost_thread.dylib; sourceTree = "<group>"; };
		E2F5172D21337604005F1515 /* libIlmThread-2_2.la */ = {isa = PBXFileReference; lastKnownFileType = text; name = "libIlmThread-2_2.la"; path = "USD/lib/libIlmThread-2_2.la"; sourceTree = "<group>"; };
		E2F5172E21337604005F1515 /* libIex-2_2.la */ = {isa = PBXFileReference; lastKnownFileType = text; name = "libIex-2_2.la"; path = "USD/lib/libIex-2_2.la"; sourceTree = "<group>"; };
		E2FBFD3A21EE119E00BDB646 /* merops */ = {isa = PBXFileReference; explicitFileType = "compiled.mach-o.executable"; includeInIndex = 0; path = merops; sourceTree = BUILT_PRODUCTS_DIR; };
		E2FBFD4121EE14F300BDB646 /* bin */ = {isa = PBXFileReference; lastKnownFileType = folder; name = bin; path = Merops/bin; sourceTree = SOURCE_ROOT; };
		E2FBFD4521EE241B00BDB646 /* DocumentView.swift */ = {isa = PBXFileReference; lastKnownFileType = sourcecode.swift; path = DocumentView.swift; sourceTree = "<group>"; };
		E2FDEBAE21ECBEDC0024CDC1 /* Viewport.metal */ = {isa = PBXFileReference; lastKnownFileType = sourcecode.metal; path = Viewport.metal; sourceTree = "<group>"; };
		E2FDEBB121ECCE690024CDC1 /* ModelIO.framework */ = {isa = PBXFileReference; lastKnownFileType = wrapper.framework; name = ModelIO.framework; path = Platforms/iPhoneOS.platform/Developer/SDKs/iPhoneOS12.1.sdk/System/Library/Frameworks/ModelIO.framework; sourceTree = DEVELOPER_DIR; };
		ED2221822021E17C00427606 /* DeformCompute.metal */ = {isa = PBXFileReference; fileEncoding = 4; lastKnownFileType = sourcecode.metal; path = DeformCompute.metal; sourceTree = "<group>"; };
		ED32B95A1EB5D298000D8823 /* Merops.app */ = {isa = PBXFileReference; explicitFileType = wrapper.application; includeInIndex = 0; path = Merops.app; sourceTree = BUILT_PRODUCTS_DIR; };
		ED32B95D1EB5D298000D8823 /* AppDelegate.swift */ = {isa = PBXFileReference; lastKnownFileType = sourcecode.swift; path = AppDelegate.swift; sourceTree = "<group>"; };
		ED32B95F1EB5D298000D8823 /* GameView.swift */ = {isa = PBXFileReference; lastKnownFileType = sourcecode.swift; path = GameView.swift; sourceTree = "<group>"; };
		ED32B9611EB5D298000D8823 /* GameViewController.swift */ = {isa = PBXFileReference; lastKnownFileType = sourcecode.swift; path = GameViewController.swift; sourceTree = "<group>"; };
		ED32B9631EB5D298000D8823 /* art.scnassets */ = {isa = PBXFileReference; lastKnownFileType = wrapper.scnassets; path = art.scnassets; sourceTree = "<group>"; };
		ED32B9681EB5D298000D8823 /* Base */ = {isa = PBXFileReference; lastKnownFileType = file.xib; name = Base; path = Base.lproj/MainMenu.xib; sourceTree = "<group>"; };
		ED32B96A1EB5D298000D8823 /* Info.plist */ = {isa = PBXFileReference; lastKnownFileType = text.plist.xml; path = Info.plist; sourceTree = "<group>"; };
		ED32B99C1EBA0BAD000D8823 /* GameViewOverlay.swift */ = {isa = PBXFileReference; fileEncoding = 4; lastKnownFileType = sourcecode.swift; path = GameViewOverlay.swift; sourceTree = "<group>"; };
		EDA91BBE1FF2886600E14B8D /* ShaderTypes.h */ = {isa = PBXFileReference; fileEncoding = 4; lastKnownFileType = sourcecode.c.h; path = ShaderTypes.h; sourceTree = "<group>"; };
		EDEEFF531F8A35CB00E4785F /* README.md */ = {isa = PBXFileReference; lastKnownFileType = net.daringfireball.markdown; path = README.md; sourceTree = "<group>"; };
		EDF08DC71FF3D2770036F476 /* ObjectiveGit.framework */ = {isa = PBXFileReference; lastKnownFileType = wrapper.framework; name = ObjectiveGit.framework; path = Carthage/Build/Mac/ObjectiveGit.framework; sourceTree = "<group>"; };
/* End PBXFileReference section */

/* Begin PBXFrameworksBuildPhase section */
		E2E46109210D5D6F00C0DB39 /* Frameworks */ = {
			isa = PBXFrameworksBuildPhase;
			buildActionMask = 2147483647;
			files = (
				E26A788D21E7815900FBA0BB /* ImGui.framework in Frameworks */,
				E26A788E21E7815900FBA0BB /* ObjectiveGit.framework in Frameworks */,
				E2FDEBB221ECCE690024CDC1 /* ModelIO.framework in Frameworks */,
			);
			runOnlyForDeploymentPostprocessing = 0;
		};
		E2FBFD3721EE119E00BDB646 /* Frameworks */ = {
			isa = PBXFrameworksBuildPhase;
			buildActionMask = 2147483647;
			files = (
			);
			runOnlyForDeploymentPostprocessing = 0;
		};
		ED32B9571EB5D298000D8823 /* Frameworks */ = {
			isa = PBXFrameworksBuildPhase;
			buildActionMask = 2147483647;
			files = (
				E2CDF1CC21344812004D8E39 /* lib in Frameworks */,
				E2FDEBB021ECCB110024CDC1 /* Python.framework in Frameworks */,
				E26A788721E653F800FBA0BB /* ImGui.framework in Frameworks */,
				EDF08DC81FF3D2770036F476 /* ObjectiveGit.framework in Frameworks */,
				E2AD5D9D212817AC0080F3F2 /* ModelIO.framework in Frameworks */,
			);
			runOnlyForDeploymentPostprocessing = 0;
		};
/* End PBXFrameworksBuildPhase section */

/* Begin PBXGroup section */
		E26ABEC421EB76C200487FA4 /* Shared */ = {
			isa = PBXGroup;
			children = (
				E26ABEBF21EB769600487FA4 /* Merops-Bridging-Header.h */,
				EDEEFF531F8A35CB00E4785F /* README.md */,
				ED32B9631EB5D298000D8823 /* art.scnassets */,
				E26ABEC021EB769600487FA4 /* Cartfile */,
			);
			name = Shared;
			sourceTree = "<group>";
		};
		E281B7B320B94CE700232181 /* shader */ = {
			isa = PBXGroup;
			children = (
				E2FDEBAE21ECBEDC0024CDC1 /* Viewport.metal */,
				E281B7AB20B94CBB00232181 /* Shaders.metal */,
				E281B7AD20B94CCA00232181 /* Common.metal */,
				E281B7AE20B94CCA00232181 /* Lambert.metal */,
				E281B7AF20B94CCA00232181 /* Tessellation.metal */,
				ED2221822021E17C00427606 /* DeformCompute.metal */,
				E281B79C20B94CAE00232181 /* Skinning.metal */,
				EDA91BBE1FF2886600E14B8D /* ShaderTypes.h */,
			);
			name = shader;
			sourceTree = "<group>";
		};
		E2A3409720B98C3600C4DF6C /* view */ = {
			isa = PBXGroup;
			children = (
				E2B76B2021FB55C900E6EA59 /* WKView */,
				ED32B95F1EB5D298000D8823 /* GameView.swift */,
				ED32B9611EB5D298000D8823 /* GameViewController.swift */,
				ED32B99C1EBA0BAD000D8823 /* GameViewOverlay.swift */,
				E281B78D20B933D000232181 /* GameViewSettings.swift */,
				E281B78E20B933D000232181 /* GameViewDialogs.swift */,
			);
			name = view;
			sourceTree = "<group>";
		};
		E2B76B2021FB55C900E6EA59 /* WKView */ = {
			isa = PBXGroup;
			children = (
				E2B76B2421FB579F00E6EA59 /* package.json */,
				E2B76B2121FB566F00E6EA59 /* index.html */,
			);
			path = WKView;
			sourceTree = "<group>";
		};
		E2E4610D210D5D6F00C0DB39 /* Merops-touch */ = {
			isa = PBXGroup;
			children = (
				E2FBFD4521EE241B00BDB646 /* DocumentView.swift */,
				E2E46114210D5D6F00C0DB39 /* Main.storyboard */,
				E2E46119210D5D7100C0DB39 /* LaunchScreen.storyboard */,
				E2E4611C210D5D7100C0DB39 /* Info.plist */,
			);
			path = "Merops-touch";
			sourceTree = "<group>";
		};
		E2FBFD3B21EE119E00BDB646 /* merops */ = {
			isa = PBXGroup;
			children = (
				E2FBFD4121EE14F300BDB646 /* bin */,
			);
			path = merops;
			sourceTree = "<group>";
		};
		ED24CD2D1F26623A000CC0BB /* Frameworks */ = {
			isa = PBXGroup;
			children = (
				EDF08DC71FF3D2770036F476 /* ObjectiveGit.framework */,
				E2FDEBB121ECCE690024CDC1 /* ModelIO.framework */,
				E26A789021E7818E00FBA0BB /* Highlightr.framework */,
				E26A788621E653F800FBA0BB /* ImGui.framework */,
				E26A788B21E7815900FBA0BB /* ImGui.framework */,
				E20E1AA3212B0D4200EE5B91 /* Highlightr.framework */,
				E2AD5D9C212817AC0080F3F2 /* ModelIO.framework */,
				E2E46157210DE97800C0DB39 /* Python.framework */,
				E26A788C21E7815900FBA0BB /* ObjectiveGit.framework */,
				E2F5172A21337604005F1515 /* libar.dylib */,
				E2F5172321337603005F1515 /* libboost_atomic.dylib */,
				E2F5171521337603005F1515 /* libboost_regex.dylib */,
				E2F5172C21337604005F1515 /* libboost_thread.dylib */,
				E2F5171821337603005F1515 /* libgf.dylib */,
				E2F5172721337604005F1515 /* libHalf.12.0.0.dylib */,
				E2F5172E21337604005F1515 /* libIex-2_2.la */,
				E2F5171921337603005F1515 /* libIexMath-2_2.la */,
				E2F5172D21337604005F1515 /* libIlmThread-2_2.la */,
				E2F5171621337603005F1515 /* libImath-2_2.12.0.0.dylib */,
				E2F5172121337603005F1515 /* libImath-2_2.la */,
				E2F5171A21337603005F1515 /* libjs.dylib */,
				E2F5172B21337604005F1515 /* libpcp.dylib */,
				E2F5172221337603005F1515 /* libplug.dylib */,
				E2F5172521337603005F1515 /* libtbb.dylib */,
				E2F5171D21337603005F1515 /* libtbbmalloc_proxy.dylib */,
				E2F5172821337604005F1515 /* libtbbmalloc.dylib */,
				E2F5172921337604005F1515 /* libtf.dylib */,
				E2F5171B21337603005F1515 /* libtrace.dylib */,
				E2F5172421337603005F1515 /* libusdHydra.dylib */,
				E2F5171E21337603005F1515 /* libusdRi.dylib */,
				E2F5172621337604005F1515 /* libusdUI.dylib */,
				E2F5171721337603005F1515 /* libusdUtils.dylib */,
				E2F5171F21337603005F1515 /* libwork.dylib */,
				E2F5171C21337603005F1515 /* libz.1.2.11.dylib */,
				E2F5172021337603005F1515 /* libz.a */,
				E294EFDA2133757D00E582CB /* libAlembic.dylib */,
				E294EFE22133757E00E582CB /* libboost_date_time.dylib */,
				E294EFE02133757E00E582CB /* libIex-2_2.12.0.0.dylib */,
				E294EFDE2133757E00E582CB /* libkind.dylib */,
				E294EFDD2133757E00E582CB /* libMaterialXFormat.a */,
				E294EFDC2133757D00E582CB /* libndr.dylib */,
				E294EFE12133757E00E582CB /* libsdf.dylib */,
				E294EFE32133757E00E582CB /* libsdr.dylib */,
				E294EFDF2133757E00E582CB /* libusdShade.dylib */,
				E294EFE42133757E00E582CB /* libusdSkel.dylib */,
				E294EFDB2133757D00E582CB /* libvt.dylib */,
				E24FC7DD21337549006860D9 /* libboost_program_options.dylib */,
				E24FC7E121337549006860D9 /* libIlmImf-2_2.22.dylib */,
				E24FC7E021337549006860D9 /* libIlmImfUtil-2_2.22.0.0.dylib */,
				E24FC7E221337549006860D9 /* libIlmThread-2_2.12.0.0.dylib */,
				E24FC7DF21337549006860D9 /* libIlmThread-2_2.dylib */,
				E24FC7DE21337549006860D9 /* libusdGeom.dylib */,
				E25C20EA2133750400EE861F /* libarch.dylib */,
				E25C20ED2133750400EE861F /* libboost_python.dylib */,
				E25C20E82133750400EE861F /* libHalf.dylib */,
				E25C20EC2133750400EE861F /* libIex-2_2.12.dylib */,
				E25C20EE2133750500EE861F /* libIexMath-2_2.12.0.0.dylib */,
				E25C20E92133750400EE861F /* libIlmImf-2_2.22.0.0.dylib */,
				E25C20EF2133750500EE861F /* libMaterialXCore.a */,
				E25C20EB2133750400EE861F /* libusd.dylib */,
				E25C20F02133750500EE861F /* libusdLux.dylib */,
				E2101237211EBE08001664AD /* lib */,
			);
			name = Frameworks;
			sourceTree = "<group>";
		};
		ED32B9511EB5D298000D8823 = {
			isa = PBXGroup;
			children = (
				E2E5DB52216E53C80028AA4E /* MDOC */,
				E26ABEC421EB76C200487FA4 /* Shared */,
				E2FBFD3B21EE119E00BDB646 /* merops */,
				ED32B95C1EB5D298000D8823 /* Merops */,
				E2E4610D210D5D6F00C0DB39 /* Merops-touch */,
				ED32B95B1EB5D298000D8823 /* Products */,
				ED24CD2D1F26623A000CC0BB /* Frameworks */,
			);
			sourceTree = "<group>";
		};
		ED32B95B1EB5D298000D8823 /* Products */ = {
			isa = PBXGroup;
			children = (
				ED32B95A1EB5D298000D8823 /* Merops.app */,
				E2E4610C210D5D6F00C0DB39 /* Merops-touch.app */,
				E2FBFD3A21EE119E00BDB646 /* merops */,
			);
			name = Products;
			sourceTree = "<group>";
		};
		ED32B95C1EB5D298000D8823 /* Merops */ = {
			isa = PBXGroup;
			children = (
				ED32B9671EB5D298000D8823 /* MainMenu.xib */,
				EDA91BA51FF15A6300E14B8D /* editor */,
				EDA91BA41FF159BD00E14B8D /* engine */,
				EDB79581201D8C40008E79B1 /* extra */,
				ED32B96A1EB5D298000D8823 /* Info.plist */,
			);
			path = Merops;
			sourceTree = "<group>";
		};
		EDA91BA41FF159BD00E14B8D /* engine */ = {
			isa = PBXGroup;
			children = (
				E2DD2648213A6C3D00242943 /* Extensions.swift */,
				E281B7B320B94CE700232181 /* shader */,
				EDB683412025D43200AD75EE /* scene */,
				EDB683432025D59400AD75EE /* extends */,
			);
			path = engine;
			sourceTree = "<group>";
		};
		EDA91BA51FF15A6300E14B8D /* editor */ = {
			isa = PBXGroup;
			children = (
				ED32B95D1EB5D298000D8823 /* AppDelegate.swift */,
				E2A3409720B98C3600C4DF6C /* view */,
				EDB683442025D7EF00AD75EE /* controller */,
			);
			path = editor;
			sourceTree = "<group>";
		};
		EDB683412025D43200AD75EE /* scene */ = {
			isa = PBXGroup;
			children = (
				E281B7A020B94CAE00232181 /* Model.swift */,
				94B26A2A79BC7112A5660547 /* Engine.swift */,
				E281B79F20B94CAE00232181 /* MTLMeshDeformable.swift */,
				E281B79B20B94CAE00232181 /* MTLTessellator.swift */,
				E281B79E20B94CAE00232181 /* MTLPolygonReduction.swift */,
				E281B79720B94CAD00232181 /* MTLSkinningMesh.swift */,
			);
			name = scene;
			sourceTree = "<group>";
		};
		EDB683432025D59400AD75EE /* extends */ = {
			isa = PBXGroup;
			children = (
				E2B5E4CD2136C90100C422CE /* pyobjc-framework-Merops */,
				E26A788121E61E1100FBA0BB /* CoreModel.h */,
				E26A787F21E61DF900FBA0BB /* CoreModel.m */,
				E25C20E421336ABA00EE861F /* USD-bind.hpp */,
				E25C20E321336ABA00EE861F /* USD-bind.cpp */,
			);
			name = extends;
			sourceTree = "<group>";
		};
		EDB683442025D7EF00AD75EE /* controller */ = {
			isa = PBXGroup;
			children = (
				E281B79120B933E200232181 /* GeoBuilder.swift */,
				E281B79220B933E200232181 /* GeoPrimitives.swift */,
				E281B79320B933E200232181 /* GeoRepricator.swift */,
				E281B78820B933B600232181 /* Cmd+Git.swift */,
				E281B78720B933B600232181 /* Cmd+USD.swift */,
				E281B78920B933B600232181 /* Cmd+REST.swift */,
				E26A787821E17E0400FBA0BB /* Shaderc.swift */,
				E216B24421299C4D004D0CE8 /* interpolate.swift */,
				E21859F921036D3400653DBD /* Serializer.swift */,
			);
			name = controller;
			sourceTree = "<group>";
		};
		EDB79581201D8C40008E79B1 /* extra */ = {
			isa = PBXGroup;
			children = (
				E26A788821E77FEC00FBA0BB /* WHLSL */,
				E2CDF1D021357B6B004D8E39 /* Python */,
			);
			name = extra;
			path = KARAS/extra;
			sourceTree = SOURCE_ROOT;
		};
/* End PBXGroup section */

/* Begin PBXHeadersBuildPhase section */
		E2FBFD2E21EDFA0200BDB646 /* Headers */ = {
			isa = PBXHeadersBuildPhase;
			buildActionMask = 2147483647;
			files = (
				E2FBFD2F21EDFA0C00BDB646 /* Merops-Bridging-Header.h in Headers */,
			);
			runOnlyForDeploymentPostprocessing = 0;
		};
		ED32B9841EB5DD02000D8823 /* Headers */ = {
			isa = PBXHeadersBuildPhase;
			buildActionMask = 2147483647;
			files = (
				E26ABEC121EB769600487FA4 /* Merops-Bridging-Header.h in Headers */,
				E25C20E621336ABA00EE861F /* USD-bind.hpp in Headers */,
				EDA91BC81FF2886600E14B8D /* ShaderTypes.h in Headers */,
			);
			runOnlyForDeploymentPostprocessing = 0;
		};
/* End PBXHeadersBuildPhase section */

/* Begin PBXNativeTarget section */
		E2E4610B210D5D6F00C0DB39 /* Merops-touch */ = {
			isa = PBXNativeTarget;
			buildConfigurationList = E2E4611F210D5D7100C0DB39 /* Build configuration list for PBXNativeTarget "Merops-touch" */;
			buildPhases = (
				E2E46108210D5D6F00C0DB39 /* Sources */,
				E2E46109210D5D6F00C0DB39 /* Frameworks */,
				E2FBFD2E21EDFA0200BDB646 /* Headers */,
				E2E4610A210D5D6F00C0DB39 /* Resources */,
				E2AD5D9B212727FD0080F3F2 /* Carthage copy */,
			);
			buildRules = (
			);
			dependencies = (
			);
			name = "Merops-touch";
			productName = "Merops-ios";
			productReference = E2E4610C210D5D6F00C0DB39 /* Merops-touch.app */;
			productType = "com.apple.product-type.application";
		};
		E2FBFD3921EE119E00BDB646 /* merops */ = {
			isa = PBXNativeTarget;
			buildConfigurationList = E2FBFD3E21EE119E00BDB646 /* Build configuration list for PBXNativeTarget "merops" */;
			buildPhases = (
				E2FBFD3621EE119E00BDB646 /* Sources */,
				E2FBFD3721EE119E00BDB646 /* Frameworks */,
				E2FBFD3821EE119E00BDB646 /* CopyFiles */,
			);
			buildRules = (
			);
			dependencies = (
			);
			name = merops;
			productName = merops;
			productReference = E2FBFD3A21EE119E00BDB646 /* merops */;
			productType = "com.apple.product-type.tool";
		};
		ED32B9591EB5D298000D8823 /* Merops */ = {
			isa = PBXNativeTarget;
			buildConfigurationList = ED32B96D1EB5D298000D8823 /* Build configuration list for PBXNativeTarget "Merops" */;
			buildPhases = (
				ED32B9561EB5D298000D8823 /* Sources */,
				ED32B9571EB5D298000D8823 /* Frameworks */,
				ED32B9581EB5D298000D8823 /* Resources */,
				ED32B9841EB5DD02000D8823 /* Headers */,
				E2CDF1CF21356BE6004D8E39 /* Copy Python lib  */,
				ED24CD341F266249000CC0BB /* Carthage copy */,
			);
			buildRules = (
			);
			dependencies = (
			);
			name = Merops;
			productName = KARAS;
			productReference = ED32B95A1EB5D298000D8823 /* Merops.app */;
			productType = "com.apple.product-type.application";
		};
/* End PBXNativeTarget section */

/* Begin PBXProject section */
		ED32B9521EB5D298000D8823 /* Project object */ = {
			isa = PBXProject;
			attributes = {
				LastSwiftUpdateCheck = 1010;
				LastUpgradeCheck = 1000;
				ORGANIZATIONNAME = "sho sumioka";
				TargetAttributes = {
					E2E4610B210D5D6F00C0DB39 = {
						CreatedOnToolsVersion = 10.0;
						DevelopmentTeam = T7PKBR8T47;
						ProvisioningStyle = Automatic;
					};
					E2FBFD3921EE119E00BDB646 = {
						CreatedOnToolsVersion = 10.1;
					};
					ED32B9591EB5D298000D8823 = {
						CreatedOnToolsVersion = 8.3.2;
						DevelopmentTeam = T7PKBR8T47;
						LastSwiftMigration = 0900;
						ProvisioningStyle = Automatic;
						SystemCapabilities = {
							com.apple.Sandbox = {
								enabled = 0;
							};
						};
					};
				};
			};
			buildConfigurationList = ED32B9551EB5D298000D8823 /* Build configuration list for PBXProject "Merops" */;
			compatibilityVersion = "Xcode 9.3";
			developmentRegion = English;
			hasScannedForEncodings = 0;
			knownRegions = (
				en,
				Base,
			);
			mainGroup = ED32B9511EB5D298000D8823;
			productRefGroup = ED32B95B1EB5D298000D8823 /* Products */;
			projectDirPath = "";
			projectRoot = "";
			targets = (
				ED32B9591EB5D298000D8823 /* Merops */,
				E2E4610B210D5D6F00C0DB39 /* Merops-touch */,
				E2FBFD3921EE119E00BDB646 /* merops */,
			);
		};
/* End PBXProject section */

/* Begin PBXResourcesBuildPhase section */
		E2E4610A210D5D6F00C0DB39 /* Resources */ = {
			isa = PBXResourcesBuildPhase;
			buildActionMask = 2147483647;
			files = (
				E2B76B2321FB566F00E6EA59 /* index.html in Resources */,
				E2E4611B210D5D7100C0DB39 /* LaunchScreen.storyboard in Resources */,
				E2B76B2621FB57A000E6EA59 /* package.json in Resources */,
				E2E46116210D5D6F00C0DB39 /* Main.storyboard in Resources */,
				E26A788A21E77FEC00FBA0BB /* WHLSL in Resources */,
				E2E46154210DB4BC00C0DB39 /* art.scnassets in Resources */,
			);
			runOnlyForDeploymentPostprocessing = 0;
		};
		ED32B9581EB5D298000D8823 /* Resources */ = {
			isa = PBXResourcesBuildPhase;
			buildActionMask = 2147483647;
			files = (
				E2B76B2221FB566F00E6EA59 /* index.html in Resources */,
				E2CDF1D121357B6B004D8E39 /* Python in Resources */,
				E2B76B2521FB57A000E6EA59 /* package.json in Resources */,
				E26A788921E77FEC00FBA0BB /* WHLSL in Resources */,
				ED32B9641EB5D298000D8823 /* art.scnassets in Resources */,
				ED32B9691EB5D298000D8823 /* MainMenu.xib in Resources */,
			);
			runOnlyForDeploymentPostprocessing = 0;
		};
/* End PBXResourcesBuildPhase section */

/* Begin PBXShellScriptBuildPhase section */
		E2AD5D9B212727FD0080F3F2 /* Carthage copy */ = {
			isa = PBXShellScriptBuildPhase;
			buildActionMask = 2147483647;
			files = (
			);
			inputFileListPaths = (
			);
			inputPaths = (
				"$(SRCROOT)/Carthage/Build/iOS/ObjectiveGit.framework",
				"$(SRCROOT)/Carthage/Build/iOS/ImGui.framework",
			);
			name = "Carthage copy";
			outputFileListPaths = (
			);
			outputPaths = (
			);
			runOnlyForDeploymentPostprocessing = 0;
			shellPath = /bin/sh;
			shellScript = "/usr/local/bin/carthage copy-frameworks\n";
		};
		E2CDF1CF21356BE6004D8E39 /* Copy Python lib  */ = {
			isa = PBXShellScriptBuildPhase;
			buildActionMask = 8;
			files = (
			);
			inputFileListPaths = (
			);
			inputPaths = (
			);
			name = "Copy Python lib ";
			outputFileListPaths = (
			);
			outputPaths = (
			);
			runOnlyForDeploymentPostprocessing = 1;
			shellPath = /bin/sh;
			shellScript = "cp -r $SRCROOT/Merops/extra/Python $BUILT_PRODUCTS_DIR/\ncd Merops/engine/pyobjc-framework-Merops\npython setup.py build\ncp -r build/lib.macosx-10.14-intel-2.7/ModelIO $BUILT_PRODUCTS_DIR/Python/\ncp -r $SRCROOT/USD $BUILT_PRODUCTS_DIR/USD\n";
		};
		ED24CD341F266249000CC0BB /* Carthage copy */ = {
			isa = PBXShellScriptBuildPhase;
			buildActionMask = 12;
			files = (
			);
			inputPaths = (
				"$(SRCROOT)/Carthage/Build/Mac/ObjectiveGit.framework",
				"$(SRCROOT)/Carthage/Build/Mac/ImGui.framework",
			);
			name = "Carthage copy";
			outputPaths = (
			);
			runOnlyForDeploymentPostprocessing = 0;
			shellPath = /bin/sh;
			shellScript = "/usr/local/bin/carthage copy-frameworks\n";
		};
/* End PBXShellScriptBuildPhase section */

/* Begin PBXSourcesBuildPhase section */
		E2E46108210D5D6F00C0DB39 /* Sources */ = {
			isa = PBXSourcesBuildPhase;
			buildActionMask = 2147483647;
			files = (
				E26A789621E8CBCD00FBA0BB /* Model.swift in Sources */,
				E26A789421E8C5FF00FBA0BB /* Extensions.swift in Sources */,
				E2E46121210D5DE000C0DB39 /* AppDelegate.swift in Sources */,
				E2E46123210D5E4100C0DB39 /* GameView.swift in Sources */,
				E2E46122210D5E3D00C0DB39 /* GameViewController.swift in Sources */,
				E2E46124210D5E4400C0DB39 /* GameViewOverlay.swift in Sources */,
				E2E46125210D5E4A00C0DB39 /* GameViewSettings.swift in Sources */,
				E2FBFD4621EE241B00BDB646 /* DocumentView.swift in Sources */,
				E2E46126210D5E5500C0DB39 /* GeoBuilder.swift in Sources */,
				E26A78B821EB06A100FBA0BB /* DeformCompute.metal in Sources */,
				E2E46127210D5E5900C0DB39 /* GeoPrimitives.swift in Sources */,
				E2E46128210D5E5D00C0DB39 /* GeoRepricator.swift in Sources */,
				E2FBFD3221EE035F00BDB646 /* Shaderc.swift in Sources */,
				E2E4612C210D5E7A00C0DB39 /* Shaders.metal in Sources */,
				E2E4612D210D5E8000C0DB39 /* Engine.swift in Sources */,
				E26A789721E8CDCA00FBA0BB /* MTLPolygonReduction.swift in Sources */,
				E2E4612E210D619300C0DB39 /* MTLMeshDeformable.swift in Sources */,
				E2E46153210D80DA00C0DB39 /* Serializer.swift in Sources */,
			);
			runOnlyForDeploymentPostprocessing = 0;
		};
		E2FBFD3621EE119E00BDB646 /* Sources */ = {
			isa = PBXSourcesBuildPhase;
			buildActionMask = 2147483647;
			files = (
			);
			runOnlyForDeploymentPostprocessing = 0;
		};
		ED32B9561EB5D298000D8823 /* Sources */ = {
			isa = PBXSourcesBuildPhase;
			buildActionMask = 2147483647;
			files = (
				ED32B9601EB5D298000D8823 /* GameView.swift in Sources */,
				ED32B9621EB5D298000D8823 /* GameViewController.swift in Sources */,
				E281B78B20B933B600232181 /* Cmd+Git.swift in Sources */,
				E281B79420B933E200232181 /* GeoBuilder.swift in Sources */,
				E26A788021E61DF900FBA0BB /* CoreModel.m in Sources */,
				ED32B99D1EBA0BAD000D8823 /* GameViewOverlay.swift in Sources */,
				E281B7B020B94CCB00232181 /* Common.metal in Sources */,
				E281B79520B933E200232181 /* GeoPrimitives.swift in Sources */,
				E281B7B220B94CCB00232181 /* Tessellation.metal in Sources */,
				E21859FA21036D3400653DBD /* Serializer.swift in Sources */,
				ED2221842021E17C00427606 /* DeformCompute.metal in Sources */,
				E281B79620B933E200232181 /* GeoRepricator.swift in Sources */,
				E281B79020B933D000232181 /* GameViewDialogs.swift in Sources */,
				E281B7A820B94CAE00232181 /* MTLPolygonReduction.swift in Sources */,
				E281B78A20B933B600232181 /* Cmd+USD.swift in Sources */,
				E281B7B120B94CCB00232181 /* Lambert.metal in Sources */,
				E281B78C20B933B600232181 /* Cmd+REST.swift in Sources */,
				E281B7A620B94CAE00232181 /* Skinning.metal in Sources */,
				ED32B95E1EB5D298000D8823 /* AppDelegate.swift in Sources */,
				E2FDEBAF21ECBEDC0024CDC1 /* Viewport.metal in Sources */,
				E26A787921E17E0400FBA0BB /* Shaderc.swift in Sources */,
				E281B78F20B933D000232181 /* GameViewSettings.swift in Sources */,
				E281B7AC20B94CBB00232181 /* Shaders.metal in Sources */,
				E281B7A120B94CAE00232181 /* MTLSkinningMesh.swift in Sources */,
				E2DD2649213A6C3D00242943 /* Extensions.swift in Sources */,
				E281B7A920B94CAE00232181 /* MTLMeshDeformable.swift in Sources */,
				E281B7AA20B94CAE00232181 /* Model.swift in Sources */,
				94B267081AAA6682547C87FA /* Engine.swift in Sources */,
			);
			runOnlyForDeploymentPostprocessing = 0;
		};
/* End PBXSourcesBuildPhase section */

/* Begin PBXVariantGroup section */
		E2E46114210D5D6F00C0DB39 /* Main.storyboard */ = {
			isa = PBXVariantGroup;
			children = (
				E2E46115210D5D6F00C0DB39 /* Base */,
			);
			name = Main.storyboard;
			sourceTree = "<group>";
		};
		E2E46119210D5D7100C0DB39 /* LaunchScreen.storyboard */ = {
			isa = PBXVariantGroup;
			children = (
				E2E4611A210D5D7100C0DB39 /* Base */,
			);
			name = LaunchScreen.storyboard;
			sourceTree = "<group>";
		};
		ED32B9671EB5D298000D8823 /* MainMenu.xib */ = {
			isa = PBXVariantGroup;
			children = (
				ED32B9681EB5D298000D8823 /* Base */,
			);
			name = MainMenu.xib;
			sourceTree = "<group>";
		};
/* End PBXVariantGroup section */

/* Begin XCBuildConfiguration section */
		E2E4611D210D5D7100C0DB39 /* Debug */ = {
			isa = XCBuildConfiguration;
			buildSettings = {
				ASSETCATALOG_COMPILER_APPICON_NAME = AppIcon;
				CLANG_CXX_LANGUAGE_STANDARD = "gnu++14";
				CLANG_ENABLE_OBJC_WEAK = YES;
				CLANG_WARN_UNGUARDED_AVAILABILITY = YES_AGGRESSIVE;
				CODE_SIGN_IDENTITY = "iPhone Developer";
				CODE_SIGN_STYLE = Automatic;
				DEVELOPMENT_TEAM = T7PKBR8T47;
				FRAMEWORK_SEARCH_PATHS = (
					"$(inherited)",
					"$(PROJECT_DIR)/Carthage/Build/iOS",
				);
				GCC_C_LANGUAGE_STANDARD = gnu11;
				HEADER_SEARCH_PATHS = "$(SRCROOT)/Carthage/Build/iOS/ObjectiveGit.framework/Headers/";
				INFOPLIST_FILE = "Merops-ios/Info.plist";
				IPHONEOS_DEPLOYMENT_TARGET = 12.1;
				LD_RUNPATH_SEARCH_PATHS = (
					"$(inherited)",
					"@executable_path/Frameworks",
				);
				PRODUCT_BUNDLE_IDENTIFIER = com.sho.Merops;
				PRODUCT_NAME = "$(TARGET_NAME)";
				SDKROOT = iphoneos;
				SWIFT_OBJC_BRIDGING_HEADER = "Merops-Bridging-Header.h";
				SWIFT_PRECOMPILE_BRIDGING_HEADER = NO;
				SWIFT_VERSION = 4.2;
				TARGETED_DEVICE_FAMILY = "1,2";
			};
			name = Debug;
		};
		E2E4611E210D5D7100C0DB39 /* Release */ = {
			isa = XCBuildConfiguration;
			buildSettings = {
				ASSETCATALOG_COMPILER_APPICON_NAME = AppIcon;
				CLANG_CXX_LANGUAGE_STANDARD = "gnu++14";
				CLANG_ENABLE_OBJC_WEAK = YES;
				CLANG_WARN_UNGUARDED_AVAILABILITY = YES_AGGRESSIVE;
				CODE_SIGN_IDENTITY = "iPhone Developer";
				CODE_SIGN_STYLE = Automatic;
				DEVELOPMENT_TEAM = T7PKBR8T47;
				FRAMEWORK_SEARCH_PATHS = (
					"$(inherited)",
					"$(PROJECT_DIR)/Carthage/Build/iOS",
				);
				GCC_C_LANGUAGE_STANDARD = gnu11;
				HEADER_SEARCH_PATHS = "$(SRCROOT)/Carthage/Build/iOS/ObjectiveGit.framework/Headers/";
				INFOPLIST_FILE = "Merops-ios/Info.plist";
				IPHONEOS_DEPLOYMENT_TARGET = 12.1;
				LD_RUNPATH_SEARCH_PATHS = (
					"$(inherited)",
					"@executable_path/Frameworks",
				);
				PRODUCT_BUNDLE_IDENTIFIER = com.sho.Merops;
				PRODUCT_NAME = "$(TARGET_NAME)";
				SDKROOT = iphoneos;
				SWIFT_OBJC_BRIDGING_HEADER = "Merops-Bridging-Header.h";
				SWIFT_PRECOMPILE_BRIDGING_HEADER = NO;
				SWIFT_VERSION = 4.2;
				TARGETED_DEVICE_FAMILY = "1,2";
				VALIDATE_PRODUCT = YES;
			};
			name = Release;
		};
		E2FBFD3F21EE119E00BDB646 /* Debug */ = {
			isa = XCBuildConfiguration;
			buildSettings = {
				CLANG_CXX_LANGUAGE_STANDARD = "gnu++14";
				CLANG_ENABLE_OBJC_WEAK = YES;
				CLANG_WARN_UNGUARDED_AVAILABILITY = YES_AGGRESSIVE;
				CODE_SIGN_IDENTITY = "Mac Developer";
				CODE_SIGN_STYLE = Automatic;
				DEVELOPMENT_TEAM = T7PKBR8T47;
				GCC_C_LANGUAGE_STANDARD = gnu11;
				MTL_FAST_MATH = YES;
				PRODUCT_NAME = "$(TARGET_NAME)";
				SWIFT_VERSION = 4.2;
			};
			name = Debug;
		};
		E2FBFD4021EE119E00BDB646 /* Release */ = {
			isa = XCBuildConfiguration;
			buildSettings = {
				CLANG_CXX_LANGUAGE_STANDARD = "gnu++14";
				CLANG_ENABLE_OBJC_WEAK = YES;
				CLANG_WARN_UNGUARDED_AVAILABILITY = YES_AGGRESSIVE;
				CODE_SIGN_IDENTITY = "Mac Developer";
				CODE_SIGN_STYLE = Automatic;
				DEVELOPMENT_TEAM = T7PKBR8T47;
				GCC_C_LANGUAGE_STANDARD = gnu11;
				MTL_FAST_MATH = YES;
				PRODUCT_NAME = "$(TARGET_NAME)";
				SWIFT_VERSION = 4.2;
			};
			name = Release;
		};
		ED32B96B1EB5D298000D8823 /* Debug */ = {
			isa = XCBuildConfiguration;
			buildSettings = {
				ALWAYS_SEARCH_USER_PATHS = NO;
				CLANG_ANALYZER_NONNULL = YES;
				CLANG_ANALYZER_NUMBER_OBJECT_CONVERSION = YES_AGGRESSIVE;
				CLANG_CXX_LANGUAGE_STANDARD = "c++14";
				CLANG_CXX_LIBRARY = "libc++";
				CLANG_ENABLE_MODULES = YES;
				CLANG_ENABLE_OBJC_ARC = YES;
				CLANG_WARN_BLOCK_CAPTURE_AUTORELEASING = YES;
				CLANG_WARN_BOOL_CONVERSION = YES;
				CLANG_WARN_COMMA = YES;
				CLANG_WARN_CONSTANT_CONVERSION = YES;
				CLANG_WARN_DEPRECATED_OBJC_IMPLEMENTATIONS = YES;
				CLANG_WARN_DIRECT_OBJC_ISA_USAGE = YES_ERROR;
				CLANG_WARN_DOCUMENTATION_COMMENTS = YES;
				CLANG_WARN_EMPTY_BODY = YES;
				CLANG_WARN_ENUM_CONVERSION = YES;
				CLANG_WARN_INFINITE_RECURSION = YES;
				CLANG_WARN_INT_CONVERSION = YES;
				CLANG_WARN_NON_LITERAL_NULL_CONVERSION = YES;
				CLANG_WARN_OBJC_IMPLICIT_RETAIN_SELF = YES;
				CLANG_WARN_OBJC_LITERAL_CONVERSION = YES;
				CLANG_WARN_OBJC_ROOT_CLASS = YES_ERROR;
				CLANG_WARN_RANGE_LOOP_ANALYSIS = YES;
				CLANG_WARN_STRICT_PROTOTYPES = YES;
				CLANG_WARN_SUSPICIOUS_MOVE = YES;
				CLANG_WARN_UNREACHABLE_CODE = YES;
				CLANG_WARN__DUPLICATE_METHOD_MATCH = YES;
				CODE_SIGN_IDENTITY = "-";
				COPY_PHASE_STRIP = NO;
				DEBUG_INFORMATION_FORMAT = dwarf;
				DEFINES_MODULE = YES;
				ENABLE_STRICT_OBJC_MSGSEND = YES;
				ENABLE_TESTABILITY = YES;
				GCC_C_LANGUAGE_STANDARD = "compiler-default";
				GCC_DYNAMIC_NO_PIC = NO;
				GCC_NO_COMMON_BLOCKS = YES;
				GCC_OPTIMIZATION_LEVEL = 0;
				GCC_PREPROCESSOR_DEFINITIONS = (
					"DEBUG=1",
					"$(inherited)",
				);
				GCC_WARN_64_TO_32_BIT_CONVERSION = YES;
				GCC_WARN_ABOUT_RETURN_TYPE = YES_ERROR;
				GCC_WARN_UNDECLARED_SELECTOR = YES;
				GCC_WARN_UNINITIALIZED_AUTOS = YES_AGGRESSIVE;
				GCC_WARN_UNUSED_FUNCTION = YES;
				GCC_WARN_UNUSED_VARIABLE = YES;
				IPHONEOS_DEPLOYMENT_TARGET = 12.1;
				MACOSX_DEPLOYMENT_TARGET = 10.14;
				MTL_ENABLE_DEBUG_INFO = INCLUDE_SOURCE;
				ONLY_ACTIVE_ARCH = YES;
				OTHER_SWIFT_FLAGS = "-D Debug -enable-bridging-pch";
				SDKROOT = macosx;
				SWIFT_ACTIVE_COMPILATION_CONDITIONS = DEBUG;
				SWIFT_COMPILATION_MODE = singlefile;
				SWIFT_OPTIMIZATION_LEVEL = "-Onone";
			};
			name = Debug;
		};
		ED32B96C1EB5D298000D8823 /* Release */ = {
			isa = XCBuildConfiguration;
			buildSettings = {
				ALWAYS_SEARCH_USER_PATHS = NO;
				CLANG_ANALYZER_NONNULL = YES;
				CLANG_ANALYZER_NUMBER_OBJECT_CONVERSION = YES_AGGRESSIVE;
				CLANG_CXX_LANGUAGE_STANDARD = "c++14";
				CLANG_CXX_LIBRARY = "libc++";
				CLANG_ENABLE_MODULES = YES;
				CLANG_ENABLE_OBJC_ARC = YES;
				CLANG_WARN_BLOCK_CAPTURE_AUTORELEASING = YES;
				CLANG_WARN_BOOL_CONVERSION = YES;
				CLANG_WARN_COMMA = YES;
				CLANG_WARN_CONSTANT_CONVERSION = YES;
				CLANG_WARN_DEPRECATED_OBJC_IMPLEMENTATIONS = YES;
				CLANG_WARN_DIRECT_OBJC_ISA_USAGE = YES_ERROR;
				CLANG_WARN_DOCUMENTATION_COMMENTS = YES;
				CLANG_WARN_EMPTY_BODY = YES;
				CLANG_WARN_ENUM_CONVERSION = YES;
				CLANG_WARN_INFINITE_RECURSION = YES;
				CLANG_WARN_INT_CONVERSION = YES;
				CLANG_WARN_NON_LITERAL_NULL_CONVERSION = YES;
				CLANG_WARN_OBJC_IMPLICIT_RETAIN_SELF = YES;
				CLANG_WARN_OBJC_LITERAL_CONVERSION = YES;
				CLANG_WARN_OBJC_ROOT_CLASS = YES_ERROR;
				CLANG_WARN_RANGE_LOOP_ANALYSIS = YES;
				CLANG_WARN_STRICT_PROTOTYPES = YES;
				CLANG_WARN_SUSPICIOUS_MOVE = YES;
				CLANG_WARN_UNREACHABLE_CODE = YES;
				CLANG_WARN__DUPLICATE_METHOD_MATCH = YES;
				CODE_SIGN_IDENTITY = "-";
				COPY_PHASE_STRIP = NO;
				DEBUG_INFORMATION_FORMAT = "dwarf-with-dsym";
				DEFINES_MODULE = YES;
				ENABLE_NS_ASSERTIONS = NO;
				ENABLE_STRICT_OBJC_MSGSEND = YES;
				GCC_C_LANGUAGE_STANDARD = "compiler-default";
				GCC_NO_COMMON_BLOCKS = YES;
				GCC_WARN_64_TO_32_BIT_CONVERSION = YES;
				GCC_WARN_ABOUT_RETURN_TYPE = YES_ERROR;
				GCC_WARN_UNDECLARED_SELECTOR = YES;
				GCC_WARN_UNINITIALIZED_AUTOS = YES_AGGRESSIVE;
				GCC_WARN_UNUSED_FUNCTION = YES;
				GCC_WARN_UNUSED_VARIABLE = YES;
				IPHONEOS_DEPLOYMENT_TARGET = 12.1;
				MACOSX_DEPLOYMENT_TARGET = 10.14;
				MTL_ENABLE_DEBUG_INFO = NO;
				SDKROOT = macosx;
				SWIFT_COMPILATION_MODE = wholemodule;
				SWIFT_OPTIMIZATION_LEVEL = "-O";
			};
			name = Release;
		};
		ED32B96E1EB5D298000D8823 /* Debug */ = {
			isa = XCBuildConfiguration;
			buildSettings = {
				ASSETCATALOG_COMPILER_APPICON_NAME = AppIcon;
				CLANG_CXX_LANGUAGE_STANDARD = "gnu++14";
				CLANG_ENABLE_MODULES = YES;
				CLANG_ENABLE_OBJC_WEAK = YES;
				CLANG_WARN_UNGUARDED_AVAILABILITY = YES_AGGRESSIVE;
				CODE_SIGN_IDENTITY = "Mac Developer";
				CODE_SIGN_STYLE = Automatic;
				COMBINE_HIDPI_IMAGES = YES;
				DEFINES_MODULE = YES;
				DEVELOPMENT_TEAM = "";
				FRAMEWORK_SEARCH_PATHS = (
					"$(inherited)",
					"$(PROJECT_DIR)/Carthage/Build/Mac",
				);
				GCC_C_LANGUAGE_STANDARD = gnu11;
				HEADER_SEARCH_PATHS = (
					"$(PROJECT=DIR)/Carthage/Build/Mac/ObjectiveGit.framework/Headers",
					"\"$(SRCROOT)/../Downloads/Xcode-beta.app/Contents/Developer/Platforms/MacOSX.platform/Developer/SDKs/MacOSX10.14.sdk/System/Library/Frameworks/Python.framework/Headers\"",
					"\"$(SRCROOT)/Merops/extra/pybind11/include\"",
					"\"$(SRCROOT)/Merops/extra/MaterialX/source\"",
					"\"$(SRCROOT)/USD/include\"",
					"/Users/shosumioka/pyobjc/pyobjc-core/Modules/objc",
				);
				INFOPLIST_FILE = "$(SRCROOT)/Merops/Info.plist";
				LD_RUNPATH_SEARCH_PATHS = (
					"$(inherited)",
					"@executable_path/../Frameworks",
					/Users/shosumioka/Merops/USD/lib,
				);
				LIBRARY_SEARCH_PATHS = (
					"$(inherited)",
					"$(PROJECT_DIR)/USD/lib",
					/Applications/Houdini/Houdini16.5.473/Frameworks/Houdini.framework/Versions/16.5.473/Resources/houdini/dso,
				);
				MACOSX_DEPLOYMENT_TARGET = 10.14;
				MTL_ENABLE_DEBUG_INFO = YES;
				OTHER_LDFLAGS = "-lboost_system";
				OTHER_SWIFT_FLAGS = "-D Debug";
				PRECOMPS_INCLUDE_HEADERS_FROM_BUILT_PRODUCTS_DIR = YES;
				PRODUCT_BUNDLE_IDENTIFIER = com.sumioka.Merops;
				PRODUCT_NAME = "$(TARGET_NAME)";
				PROVISIONING_PROFILE_SPECIFIER = "";
				SWIFT_COMPILATION_MODE = singlefile;
				SWIFT_OBJC_BRIDGING_HEADER = "Merops-Bridging-Header.h";
				SWIFT_OPTIMIZATION_LEVEL = "-Onone";
				SWIFT_PRECOMPILE_BRIDGING_HEADER = NO;
				SWIFT_SWIFT3_OBJC_INFERENCE = Default;
				SWIFT_VERSION = 4.0;
				SYSTEM_HEADER_SEARCH_PATHS = "";
				USER_HEADER_SEARCH_PATHS = "";
			};
			name = Debug;
		};
		ED32B96F1EB5D298000D8823 /* Release */ = {
			isa = XCBuildConfiguration;
			buildSettings = {
				ASSETCATALOG_COMPILER_APPICON_NAME = AppIcon;
				CLANG_CXX_LANGUAGE_STANDARD = "gnu++14";
				CLANG_ENABLE_MODULES = YES;
				CLANG_ENABLE_OBJC_WEAK = YES;
				CLANG_WARN_UNGUARDED_AVAILABILITY = YES_AGGRESSIVE;
				CODE_SIGN_IDENTITY = "Mac Developer";
				CODE_SIGN_STYLE = Automatic;
				COMBINE_HIDPI_IMAGES = YES;
				DEFINES_MODULE = YES;
				DEVELOPMENT_TEAM = "";
				FRAMEWORK_SEARCH_PATHS = (
					"$(inherited)",
					"$(PROJECT_DIR)/Carthage/Build/Mac",
				);
				GCC_C_LANGUAGE_STANDARD = gnu11;
				HEADER_SEARCH_PATHS = (
					"$(PROJECT=DIR)/Carthage/Build/Mac/ObjectiveGit.framework/Headers",
					"\"$(SRCROOT)/../Downloads/Xcode-beta.app/Contents/Developer/Platforms/MacOSX.platform/Developer/SDKs/MacOSX10.14.sdk/System/Library/Frameworks/Python.framework/Headers\"",
					"\"$(SRCROOT)/Merops/extra/pybind11/include\"",
					"\"$(SRCROOT)/Merops/extra/MaterialX/source\"",
					"\"$(SRCROOT)/USD/include\"",
					"/Users/shosumioka/pyobjc/pyobjc-core/Modules/objc",
				);
				INFOPLIST_FILE = "$(SRCROOT)/Merops/Info.plist";
				LD_RUNPATH_SEARCH_PATHS = (
					"$(inherited)",
					"@executable_path/../Frameworks",
					/Users/shosumioka/Merops/USD/lib,
				);
				LIBRARY_SEARCH_PATHS = (
					"$(inherited)",
					"$(PROJECT_DIR)/USD/lib",
					/Applications/Houdini/Houdini16.5.473/Frameworks/Houdini.framework/Versions/16.5.473/Resources/houdini/dso,
				);
				MACOSX_DEPLOYMENT_TARGET = 10.14;
				MTL_ENABLE_DEBUG_INFO = NO;
				PRECOMPS_INCLUDE_HEADERS_FROM_BUILT_PRODUCTS_DIR = YES;
				PRODUCT_BUNDLE_IDENTIFIER = com.sumioka.Merops;
				PRODUCT_NAME = "$(TARGET_NAME)";
				PROVISIONING_PROFILE_SPECIFIER = "";
				SWIFT_OBJC_BRIDGING_HEADER = "Merops-Bridging-Header.h";
				SWIFT_PRECOMPILE_BRIDGING_HEADER = NO;
				SWIFT_SWIFT3_OBJC_INFERENCE = Default;
				SWIFT_VERSION = 4.0;
				SYSTEM_HEADER_SEARCH_PATHS = "";
				USER_HEADER_SEARCH_PATHS = "";
			};
			name = Release;
		};
/* End XCBuildConfiguration section */

/* Begin XCConfigurationList section */
		E2E4611F210D5D7100C0DB39 /* Build configuration list for PBXNativeTarget "Merops-touch" */ = {
			isa = XCConfigurationList;
			buildConfigurations = (
				E2E4611D210D5D7100C0DB39 /* Debug */,
				E2E4611E210D5D7100C0DB39 /* Release */,
			);
			defaultConfigurationIsVisible = 0;
			defaultConfigurationName = Release;
		};
		E2FBFD3E21EE119E00BDB646 /* Build configuration list for PBXNativeTarget "merops" */ = {
			isa = XCConfigurationList;
			buildConfigurations = (
				E2FBFD3F21EE119E00BDB646 /* Debug */,
				E2FBFD4021EE119E00BDB646 /* Release */,
			);
			defaultConfigurationIsVisible = 0;
			defaultConfigurationName = Release;
		};
		ED32B9551EB5D298000D8823 /* Build configuration list for PBXProject "Merops" */ = {
			isa = XCConfigurationList;
			buildConfigurations = (
				ED32B96B1EB5D298000D8823 /* Debug */,
				ED32B96C1EB5D298000D8823 /* Release */,
			);
			defaultConfigurationIsVisible = 0;
			defaultConfigurationName = Release;
		};
		ED32B96D1EB5D298000D8823 /* Build configuration list for PBXNativeTarget "Merops" */ = {
			isa = XCConfigurationList;
			buildConfigurations = (
				ED32B96E1EB5D298000D8823 /* Debug */,
				ED32B96F1EB5D298000D8823 /* Release */,
			);
			defaultConfigurationIsVisible = 0;
			defaultConfigurationName = Release;
		};
/* End XCConfigurationList section */
	};
	rootObject = ED32B9521EB5D298000D8823 /* Project object */;
}
